
Microsoft Visual Studio Solution File, Format Version 12.00
# Visual Studio Version 17
VisualStudioVersion = 17.8.34330.188
MinimumVisualStudioVersion = 10.0.40219.1
Project("{9A19103F-16F7-4668-BE54-9A1E7A4F7556}") = "HotelLibrary", "HotelLibrary\HotelLibrary.csproj", "{5848F38F-FD7F-4CA9-8268-570DAAA53CDF}"
EndProject
Project("{FAE04EC0-301F-11D3-BF4B-00C04F79EFBC}") = "HotelWinApp", "HotelWinApp\HotelWinApp.csproj", "{5E55BD73-B562-4C65-8214-994156E23DEF}"
EndProject
Global
	GlobalSection(SolutionConfigurationPlatforms) = preSolution
		Debug|Any CPU = Debug|Any CPU
		Release|Any CPU = Release|Any CPU
	EndGlobalSection
	GlobalSection(ProjectConfigurationPlatforms) = postSolution
		{5848F38F-FD7F-4CA9-8268-570DAAA53CDF}.Debug|Any CPU.ActiveCfg = Debug|Any CPU
		{5848F38F-FD7F-4CA9-8268-570DAAA53CDF}.Debug|Any CPU.Build.0 = Debug|Any CPU
		{5848F38F-FD7F-4CA9-8268-570DAAA53CDF}.Release|Any CPU.ActiveCfg = Release|Any CPU
		{5848F38F-FD7F-4CA9-8268-570DAAA53CDF}.Release|Any CPU.Build.0 = Release|Any CPU
		{5E55BD73-B562-4C65-8214-994156E23DEF}.Debug|Any CPU.ActiveCfg = Debug|Any CPU
		{5E55BD73-B562-4C65-8214-994156E23DEF}.Debug|Any CPU.Build.0 = Debug|Any CPU
		{5E55BD73-B562-4C65-8214-994156E23DEF}.Release|Any CPU.ActiveCfg = Release|Any CPU
		{5E55BD73-B562-4C65-8214-994156E23DEF}.Release|Any CPU.Build.0 = Release|Any CPU
	EndGlobalSection
	GlobalSection(SolutionProperties) = preSolution
		HideSolutionNode = FALSE
	EndGlobalSection
	GlobalSection(ExtensibilityGlobals) = postSolution
		SolutionGuid = {2533D867-C523-47EC-AC50-C112436B32D0}
	EndGlobalSection
EndGlobal
